<?xml version="1.0" encoding="utf-8"?>
<Project ToolsVersion="4.0" xmlns="http://schemas.microsoft.com/developer/msbuild/2003">
  <ItemGroup>
    <Filter Include="App">
      <UniqueIdentifier>{7ae6c9bc-68c7-4f00-8d9b-737cf18e85bd}</UniqueIdentifier>
    </Filter>
    <Filter Include="GameEngine">
      <UniqueIdentifier>{d87611bb-1337-4eb9-8e37-9240889b6caf}</UniqueIdentifier>
    </Filter>
    <Filter Include="GameEngine\WindowingSystem">
      <UniqueIdentifier>{2fb1855d-59db-4b38-97c8-90fe19b57292}</UniqueIdentifier>
    </Filter>
    <Filter Include="GameEngine\GraphicsEngine">
      <UniqueIdentifier>{73f5f0e0-1002-4e68-8946-100cf6fa52d5}</UniqueIdentifier>
    </Filter>
    <Filter Include="GameEngine\GraphicsEngine\DeviceContext">
      <UniqueIdentifier>{f85dcc8c-d34c-4776-858f-152e4763dc5d}</UniqueIdentifier>
    </Filter>
    <Filter Include="GameEngine\GraphicsEngine\VertexBuffer">
      <UniqueIdentifier>{1f1d5583-1344-4b0f-96b3-ef846bfc3f1d}</UniqueIdentifier>
    </Filter>
    <Filter Include="GameEngine\GraphicsEngine\Swap Chain">
      <UniqueIdentifier>{d97f49aa-0b03-4087-ae35-2d038a9bce56}</UniqueIdentifier>
    </Filter>
    <Filter Include="Shaders">
      <UniqueIdentifier>{f10ea6d0-35c0-4d3a-93ef-2a7a4618a5c4}</UniqueIdentifier>
    </Filter>
    <Filter Include="GameEngine\Vertex Shader">
      <UniqueIdentifier>{3b2b0a36-e2b1-4b7a-a25a-ad20bd72ef18}</UniqueIdentifier>
    </Filter>
    <Filter Include="GameEngine\Pixel Shader">
      <UniqueIdentifier>{236cad7d-b0fd-4f83-84f9-8884c0ee8ce4}</UniqueIdentifier>
    </Filter>
    <Filter Include="GameEngine\Constant Buffer">
      <UniqueIdentifier>{908bb82f-1989-4907-a2ad-d6ae42750f99}</UniqueIdentifier>
    </Filter>
    <Filter Include="GameEngine\Quad">
      <UniqueIdentifier>{52c44e4b-f8e0-4b93-8508-f14b8b1694a7}</UniqueIdentifier>
    </Filter>
    <Filter Include="GameEngine\Engine Time">
      <UniqueIdentifier>{3eb31828-b0c0-47de-be12-0eae12b682cb}</UniqueIdentifier>
    </Filter>
    <Filter Include="Circle">
      <UniqueIdentifier>{948889c2-0018-42a5-a7b0-b86d85864e61}</UniqueIdentifier>
    </Filter>
  </ItemGroup>
  <ItemGroup>
    <ClCompile Include="main.cpp">
      <Filter>App</Filter>
    </ClCompile>
    <ClCompile Include="AppWindow.cpp">
      <Filter>App</Filter>
    </ClCompile>
    <ClCompile Include="Window.cpp">
      <Filter>GameEngine\WindowingSystem</Filter>
    </ClCompile>
    <ClCompile Include="GraphicsEngine.cpp">
      <Filter>GameEngine\GraphicsEngine</Filter>
    </ClCompile>
    <ClCompile Include="DeviceContext.cpp">
      <Filter>GameEngine\GraphicsEngine\DeviceContext</Filter>
    </ClCompile>
    <ClCompile Include="VertexBuffer.cpp">
      <Filter>GameEngine\GraphicsEngine\VertexBuffer</Filter>
    </ClCompile>
    <ClCompile Include="SwapChain.cpp">
      <Filter>GameEngine\GraphicsEngine\Swap Chain</Filter>
    </ClCompile>
    <ClCompile Include="VertexShader.cpp">
      <Filter>GameEngine\Vertex Shader</Filter>
    </ClCompile>
    <ClCompile Include="PixelShader.cpp">
      <Filter>GameEngine\Pixel Shader</Filter>
    </ClCompile>
    <ClCompile Include="ConstantBuffer.cpp">
      <Filter>GameEngine\Constant Buffer</Filter>
    </ClCompile>
    <ClCompile Include="Quad.cpp">
      <Filter>GameEngine\Quad</Filter>
    </ClCompile>
    <ClCompile Include="EngineTime.cpp">
      <Filter>GameEngine\Engine Time</Filter>
    </ClCompile>
    <ClCompile Include="Circle.cpp">
      <Filter>Circle</Filter>
    </ClCompile>
  </ItemGroup>
  <ItemGroup>
    <ClInclude Include="AppWindow.h">
      <Filter>App</Filter>
    </ClInclude>
    <ClInclude Include="Window.h">
      <Filter>GameEngine\WindowingSystem</Filter>
    </ClInclude>
    <ClInclude Include="GraphicsEngine.h">
      <Filter>GameEngine\GraphicsEngine</Filter>
    </ClInclude>
    <ClInclude Include="DeviceContext.h">
      <Filter>GameEngine\GraphicsEngine\DeviceContext</Filter>
    </ClInclude>
    <ClInclude Include="VertexBuffer.h">
      <Filter>GameEngine\GraphicsEngine\VertexBuffer</Filter>
    </ClInclude>
    <ClInclude Include="SwapChain.h">
      <Filter>GameEngine\GraphicsEngine\Swap Chain</Filter>
    </ClInclude>
    <ClInclude Include="VertexShader.h">
      <Filter>GameEngine\Vertex Shader</Filter>
    </ClInclude>
    <ClInclude Include="PixelShader.h">
      <Filter>GameEngine\Pixel Shader</Filter>
    </ClInclude>
    <ClInclude Include="ConstantBuffer.h">
      <Filter>GameEngine\Constant Buffer</Filter>
    </ClInclude>
    <ClInclude Include="Quad.h">
      <Filter>GameEngine\Quad</Filter>
    </ClInclude>
    <ClInclude Include="EngineTime.h">
      <Filter>GameEngine\Engine Time</Filter>
    </ClInclude>
    <ClInclude Include="Circle.h">
      <Filter>Circle</Filter>
    </ClInclude>
  </ItemGroup>
  <ItemGroup>
    <FxCompile Include="VertexShader.hlsl">
      <Filter>Shaders</Filter>
    </FxCompile>
    <FxCompile Include="PixelShader.hlsl">
      <Filter>Shaders</Filter>
    </FxCompile>
  </ItemGroup>
  <ItemGroup>
    <None Include="packages.config" />
  </ItemGroup>
</Project>