<?xml version="1.0" encoding="utf-8"?>
<Project ToolsVersion="4.0" xmlns="http://schemas.microsoft.com/developer/msbuild/2003">
  <ItemGroup>
    <Filter Include="App">
      <UniqueIdentifier>{045ff6fa-e974-4ea9-9f6f-4d260aca9270}</UniqueIdentifier>
    </Filter>
    <Filter Include="GameEngine">
      <UniqueIdentifier>{6510ec40-36de-4dc4-99d1-89976b9a43e9}</UniqueIdentifier>
    </Filter>
    <Filter Include="GameEngine\WindowingSystem">
      <UniqueIdentifier>{b41e904d-ea16-4540-a30e-e4d414829b49}</UniqueIdentifier>
    </Filter>
    <Filter Include="GameEngine\GraphicsEngine">
      <UniqueIdentifier>{ac3eea01-7aed-4a70-af38-a0db9f979155}</UniqueIdentifier>
    </Filter>
    <Filter Include="GameEngine\InputSystem">
      <UniqueIdentifier>{4853660a-27dc-4dc7-b97c-891074232826}</UniqueIdentifier>
    </Filter>
    <Filter Include="GameEngine\GameObjects">
      <UniqueIdentifier>{4a4cf811-cac6-4de5-9d5d-55e89a36f9be}</UniqueIdentifier>
    </Filter>
    <Filter Include="GameEngine\Utilities">
      <UniqueIdentifier>{f3a918c7-2a2f-41c3-b729-63ea05144989}</UniqueIdentifier>
    </Filter>
    <Filter Include="GameEngine\Utilities\Structs">
      <UniqueIdentifier>{a08c8cb8-278c-4d55-a577-1fd4340d2d34}</UniqueIdentifier>
    </Filter>
    <Filter Include="GameEngine\Utilities\Math">
      <UniqueIdentifier>{0bead97d-eeb1-4372-8d38-6b195fd236b2}</UniqueIdentifier>
    </Filter>
    <Filter Include="GameEngine\GameObjects\2D Geometry">
      <UniqueIdentifier>{e684f9af-b493-48c5-a879-093961d1fedb}</UniqueIdentifier>
    </Filter>
    <Filter Include="GameEngine\GameObjects\3D Geometry">
      <UniqueIdentifier>{f99d1caf-45d3-453a-8aa6-fbc9e837210a}</UniqueIdentifier>
    </Filter>
    <Filter Include="GameEngine\GameObjects\Camera">
      <UniqueIdentifier>{f3248771-6c25-4694-953a-f72af61275c9}</UniqueIdentifier>
    </Filter>
    <Filter Include="GameEngine\GraphicsEngine\RenderSystem">
      <UniqueIdentifier>{8caeea8e-fb73-4416-8cd0-2faf5c7bb8b3}</UniqueIdentifier>
    </Filter>
    <Filter Include="GameEngine\GraphicsEngine\RenderSystem\Shaders">
      <UniqueIdentifier>{0215f3e9-d23f-4402-a294-1be2367683e0}</UniqueIdentifier>
    </Filter>
    <Filter Include="GameEngine\GraphicsEngine\RenderSystem\Shaders\PixelShader">
      <UniqueIdentifier>{97d5be49-3854-4144-92bc-4fafbd428ef8}</UniqueIdentifier>
    </Filter>
    <Filter Include="GameEngine\GraphicsEngine\RenderSystem\Shaders\VertexShader">
      <UniqueIdentifier>{253bcc9d-d63a-4aa6-a36b-68352ec7ebec}</UniqueIdentifier>
    </Filter>
    <Filter Include="GameEngine\GraphicsEngine\RenderSystem\Shaders\GeometryShader">
      <UniqueIdentifier>{0ea37a0e-e909-4a9b-bd9c-577a01d98c6c}</UniqueIdentifier>
    </Filter>
    <Filter Include="GameEngine\GraphicsEngine\RenderSystem\Shaders\HLSL">
      <UniqueIdentifier>{401f121d-8b7c-4d7e-9171-461cf11156cf}</UniqueIdentifier>
    </Filter>
    <Filter Include="GameEngine\GraphicsEngine\RenderSystem\IndexBuffer">
      <UniqueIdentifier>{5a18d984-d86a-4ed2-b2f2-788deb6f01cf}</UniqueIdentifier>
    </Filter>
    <Filter Include="GameEngine\GraphicsEngine\RenderSystem\DeviceContext">
      <UniqueIdentifier>{c102026b-f9d6-4aed-b7cf-58aa0f2e168c}</UniqueIdentifier>
    </Filter>
    <Filter Include="GameEngine\GraphicsEngine\RenderSystem\ConstantBuffer">
      <UniqueIdentifier>{53243fd4-4348-4f55-b38e-79f959287cd7}</UniqueIdentifier>
    </Filter>
    <Filter Include="GameEngine\GraphicsEngine\RenderSystem\SwapChain">
      <UniqueIdentifier>{c549813d-a22a-4760-ada2-b78d63d303ba}</UniqueIdentifier>
    </Filter>
    <Filter Include="GameEngine\GraphicsEngine\RenderSystem\VertexBuffer">
      <UniqueIdentifier>{ac56cbbe-ede8-4558-86d0-7cc4f825c54b}</UniqueIdentifier>
    </Filter>
    <Filter Include="GameEngine\UISystem">
      <UniqueIdentifier>{700a861a-406c-4de3-9dd8-a51004bc8c62}</UniqueIdentifier>
    </Filter>
    <Filter Include="GameEngine\UISystem\Screens">
      <UniqueIdentifier>{0535983a-a4a5-43cc-8163-aca62400b2c7}</UniqueIdentifier>
    </Filter>
    <Filter Include="imgui">
      <UniqueIdentifier>{b1dc107c-c88a-48da-868c-b60d888162e1}</UniqueIdentifier>
    </Filter>
    <Filter Include="GameEngine\Utilities\Enums">
      <UniqueIdentifier>{44e8cb1a-a328-4050-b159-c8730b293ca5}</UniqueIdentifier>
    </Filter>
    <Filter Include="Images">
      <UniqueIdentifier>{96c3b50d-7f36-4c4c-9074-d14275933d47}</UniqueIdentifier>
    </Filter>
    <Filter Include="GameEngine\GameObjects\GameObjectBase">
      <UniqueIdentifier>{9670e58b-3fbc-46dd-9b65-3ba73942bf37}</UniqueIdentifier>
    </Filter>
    <Filter Include="GameEngine\GameObjects\GameObjectManager">
      <UniqueIdentifier>{4f56c64f-f93d-43df-aa88-a5a7b3a9aa75}</UniqueIdentifier>
    </Filter>
    <Filter Include="GameEngine\GameObjects\Materials">
      <UniqueIdentifier>{e69319be-c5e4-4702-98fe-6f10f95a9179}</UniqueIdentifier>
    </Filter>
    <Filter Include="GameEngine\GraphicsEngine\RenderSystem\SamplerState">
      <UniqueIdentifier>{7eba562b-7402-4a68-ac3c-92ca0755eb23}</UniqueIdentifier>
    </Filter>
  </ItemGroup>
  <ItemGroup>
    <ClCompile Include="main.cpp">
      <Filter>App</Filter>
    </ClCompile>
    <ClCompile Include="AppWindow.cpp">
      <Filter>App</Filter>
    </ClCompile>
    <ClCompile Include="Window.cpp">
      <Filter>GameEngine\WindowingSystem</Filter>
    </ClCompile>
    <ClCompile Include="GraphicsEngine.cpp">
      <Filter>GameEngine\GraphicsEngine</Filter>
    </ClCompile>
    <ClCompile Include="SwapChain.cpp">
      <Filter>GameEngine\GraphicsEngine\RenderSystem\SwapChain</Filter>
    </ClCompile>
    <ClCompile Include="DeviceContext.cpp">
      <Filter>GameEngine\GraphicsEngine\RenderSystem\DeviceContext</Filter>
    </ClCompile>
    <ClCompile Include="VertexBuffer.cpp">
      <Filter>GameEngine\GraphicsEngine\RenderSystem\VertexBuffer</Filter>
    </ClCompile>
    <ClCompile Include="VertexShader.cpp">
      <Filter>GameEngine\GraphicsEngine\RenderSystem\Shaders\VertexShader</Filter>
    </ClCompile>
    <ClCompile Include="PixelShader.cpp">
      <Filter>GameEngine\GraphicsEngine\RenderSystem\Shaders\PixelShader</Filter>
    </ClCompile>
    <ClCompile Include="ConstantBuffer.cpp">
      <Filter>GameEngine\GraphicsEngine\RenderSystem\ConstantBuffer</Filter>
    </ClCompile>
    <ClCompile Include="GeometryShader.cpp">
      <Filter>GameEngine\GraphicsEngine\RenderSystem\Shaders\GeometryShader</Filter>
    </ClCompile>
    <ClCompile Include="EngineTime.cpp">
      <Filter>GameEngine\GraphicsEngine</Filter>
    </ClCompile>
    <ClCompile Include="IndexBuffer.cpp">
      <Filter>GameEngine\GraphicsEngine\RenderSystem\IndexBuffer</Filter>
    </ClCompile>
    <ClCompile Include="InputSystem.cpp">
      <Filter>GameEngine\InputSystem</Filter>
    </ClCompile>
    <ClCompile Include="Circle.cpp">
      <Filter>GameEngine\GameObjects\2D Geometry</Filter>
    </ClCompile>
    <ClCompile Include="Quad.cpp">
      <Filter>GameEngine\GameObjects\2D Geometry</Filter>
    </ClCompile>
    <ClCompile Include="Cube.cpp">
      <Filter>GameEngine\GameObjects\3D Geometry</Filter>
    </ClCompile>
    <ClCompile Include="Plane.cpp">
      <Filter>GameEngine\GameObjects\3D Geometry</Filter>
    </ClCompile>
    <ClCompile Include="Camera.cpp">
      <Filter>GameEngine\GameObjects\Camera</Filter>
    </ClCompile>
    <ClCompile Include="CameraManager.cpp">
      <Filter>GameEngine\GameObjects\Camera</Filter>
    </ClCompile>
    <ClCompile Include="Vector3D.cpp">
      <Filter>GameEngine\Utilities\Math</Filter>
    </ClCompile>
    <ClCompile Include="SceneCamera.cpp">
      <Filter>GameEngine\GameObjects\Camera</Filter>
    </ClCompile>
    <ClCompile Include="RenderSystem.cpp">
      <Filter>GameEngine\GraphicsEngine\RenderSystem</Filter>
    </ClCompile>
    <ClCompile Include="UIManager.cpp">
      <Filter>GameEngine\UISystem</Filter>
    </ClCompile>
    <ClCompile Include="imgui\imgui.cpp">
      <Filter>imgui</Filter>
    </ClCompile>
    <ClCompile Include="imgui\imgui_demo.cpp">
      <Filter>imgui</Filter>
    </ClCompile>
    <ClCompile Include="imgui\imgui_draw.cpp">
      <Filter>imgui</Filter>
    </ClCompile>
    <ClCompile Include="imgui\imgui_tables.cpp">
      <Filter>imgui</Filter>
    </ClCompile>
    <ClCompile Include="imgui\imgui_widgets.cpp">
      <Filter>imgui</Filter>
    </ClCompile>
    <ClCompile Include="imgui\backends\imgui_impl_dx11.cpp">
      <Filter>imgui</Filter>
    </ClCompile>
    <ClCompile Include="imgui\backends\imgui_impl_win32.cpp">
      <Filter>imgui</Filter>
    </ClCompile>
    <ClCompile Include="MenuScreen.cpp">
      <Filter>GameEngine\UISystem\Screens</Filter>
    </ClCompile>
    <ClCompile Include="GameObject.cpp">
      <Filter>GameEngine\GameObjects\GameObjectBase</Filter>
    </ClCompile>
    <ClCompile Include="GameObjectManager.cpp">
      <Filter>GameEngine\GameObjects\GameObjectManager</Filter>
    </ClCompile>
    <ClCompile Include="Material.cpp">
      <Filter>GameEngine\GameObjects\Materials</Filter>
    </ClCompile>
    <ClCompile Include="MaterialEditor.cpp">
      <Filter>GameEngine\UISystem\Screens</Filter>
    </ClCompile>
    <ClCompile Include="Cylinder.cpp">
      <Filter>GameEngine\GameObjects\3D Geometry</Filter>
    </ClCompile>
    <ClCompile Include="SamplerState.cpp">
      <Filter>GameEngine\GraphicsEngine\RenderSystem\SamplerState</Filter>
    </ClCompile>
  </ItemGroup>
  <ItemGroup>
    <ClInclude Include="AppWindow.h">
      <Filter>App</Filter>
    </ClInclude>
    <ClInclude Include="Window.h">
      <Filter>GameEngine\WindowingSystem</Filter>
    </ClInclude>
    <ClInclude Include="GraphicsEngine.h">
      <Filter>GameEngine\GraphicsEngine</Filter>
    </ClInclude>
    <ClInclude Include="SwapChain.h">
      <Filter>GameEngine\GraphicsEngine\RenderSystem\SwapChain</Filter>
    </ClInclude>
    <ClInclude Include="DeviceContext.h">
      <Filter>GameEngine\GraphicsEngine\RenderSystem\DeviceContext</Filter>
    </ClInclude>
    <ClInclude Include="VertexBuffer.h">
      <Filter>GameEngine\GraphicsEngine\RenderSystem\VertexBuffer</Filter>
    </ClInclude>
    <ClInclude Include="VertexShader.h">
      <Filter>GameEngine\GraphicsEngine\RenderSystem\Shaders\VertexShader</Filter>
    </ClInclude>
    <ClInclude Include="PixelShader.h">
      <Filter>GameEngine\GraphicsEngine\RenderSystem\Shaders\PixelShader</Filter>
    </ClInclude>
    <ClInclude Include="Vectors.h">
      <Filter>GameEngine\Utilities\Structs</Filter>
    </ClInclude>
    <ClInclude Include="ConstantBuffer.h">
      <Filter>GameEngine\GraphicsEngine\RenderSystem\ConstantBuffer</Filter>
    </ClInclude>
    <ClInclude Include="Vertex.h">
      <Filter>GameEngine\Utilities\Structs</Filter>
    </ClInclude>
    <ClInclude Include="Constant.h">
      <Filter>GameEngine\Utilities\Structs</Filter>
    </ClInclude>
    <ClInclude Include="GeometryShader.h">
      <Filter>GameEngine\GraphicsEngine\RenderSystem\Shaders\GeometryShader</Filter>
    </ClInclude>
    <ClInclude Include="Vector3D.h">
      <Filter>GameEngine\Utilities\Math</Filter>
    </ClInclude>
    <ClInclude Include="Matrix4x4.h">
      <Filter>GameEngine\Utilities\Math</Filter>
    </ClInclude>
    <ClInclude Include="EngineTime.h">
      <Filter>GameEngine\GraphicsEngine</Filter>
    </ClInclude>
    <ClInclude Include="IndexBuffer.h">
      <Filter>GameEngine\GraphicsEngine\RenderSystem\IndexBuffer</Filter>
    </ClInclude>
    <ClInclude Include="InputListener.h">
      <Filter>GameEngine\InputSystem</Filter>
    </ClInclude>
    <ClInclude Include="InputSystem.h">
      <Filter>GameEngine\InputSystem</Filter>
    </ClInclude>
    <ClInclude Include="MathUtil.h">
      <Filter>GameEngine\Utilities\Math</Filter>
    </ClInclude>
    <ClInclude Include="Circle.h">
      <Filter>GameEngine\GameObjects\2D Geometry</Filter>
    </ClInclude>
    <ClInclude Include="Quad.h">
      <Filter>GameEngine\GameObjects\2D Geometry</Filter>
    </ClInclude>
    <ClInclude Include="Cube.h">
      <Filter>GameEngine\GameObjects\3D Geometry</Filter>
    </ClInclude>
    <ClInclude Include="LogUtils.h">
      <Filter>GameEngine\Utilities</Filter>
    </ClInclude>
    <ClInclude Include="Plane.h">
      <Filter>GameEngine\GameObjects\3D Geometry</Filter>
    </ClInclude>
    <ClInclude Include="Vector2D.h">
      <Filter>GameEngine\Utilities\Math</Filter>
    </ClInclude>
    <ClInclude Include="Camera.h">
      <Filter>GameEngine\GameObjects\Camera</Filter>
    </ClInclude>
    <ClInclude Include="Vector4D.h">
      <Filter>GameEngine\Utilities\Math</Filter>
    </ClInclude>
    <ClInclude Include="CameraManager.h">
      <Filter>GameEngine\GameObjects\Camera</Filter>
    </ClInclude>
    <ClInclude Include="SceneCamera.h">
      <Filter>GameEngine\GameObjects\Camera</Filter>
    </ClInclude>
    <ClInclude Include="RenderSystem.h">
      <Filter>GameEngine\GraphicsEngine\RenderSystem</Filter>
    </ClInclude>
    <ClInclude Include="Prerequisites.h">
      <Filter>GameEngine\GraphicsEngine</Filter>
    </ClInclude>
    <ClInclude Include="GraphicsResource.h">
      <Filter>GameEngine\GraphicsEngine\RenderSystem</Filter>
    </ClInclude>
    <ClInclude Include="UIManager.h">
      <Filter>GameEngine\UISystem</Filter>
    </ClInclude>
    <ClInclude Include="Singleton.h">
      <Filter>GameEngine\Utilities</Filter>
    </ClInclude>
    <ClInclude Include="UIScreen.h">
      <Filter>GameEngine\UISystem</Filter>
    </ClInclude>
    <ClInclude Include="imgui\imconfig.h">
      <Filter>imgui</Filter>
    </ClInclude>
    <ClInclude Include="imgui\imgui.h">
      <Filter>imgui</Filter>
    </ClInclude>
    <ClInclude Include="imgui\imgui_internal.h">
      <Filter>imgui</Filter>
    </ClInclude>
    <ClInclude Include="imgui\imstb_rectpack.h">
      <Filter>imgui</Filter>
    </ClInclude>
    <ClInclude Include="imgui\imstb_textedit.h">
      <Filter>imgui</Filter>
    </ClInclude>
    <ClInclude Include="imgui\imstb_truetype.h">
      <Filter>imgui</Filter>
    </ClInclude>
    <ClInclude Include="imgui\backends\imgui_impl_dx11.h">
      <Filter>imgui</Filter>
    </ClInclude>
    <ClInclude Include="imgui\backends\imgui_impl_win32.h">
      <Filter>imgui</Filter>
    </ClInclude>
    <ClInclude Include="PrimitiveType.h">
      <Filter>GameEngine\Utilities\Enums</Filter>
    </ClInclude>
    <ClInclude Include="MenuScreen.h">
      <Filter>GameEngine\UISystem\Screens</Filter>
    </ClInclude>
    <ClInclude Include="GameObject.h">
      <Filter>GameEngine\GameObjects\GameObjectBase</Filter>
    </ClInclude>
    <ClInclude Include="GameObjectManager.h">
      <Filter>GameEngine\GameObjects\GameObjectManager</Filter>
    </ClInclude>
    <ClInclude Include="Material.h">
      <Filter>GameEngine\GameObjects\Materials</Filter>
    </ClInclude>
    <ClInclude Include="MaterialEditor.h">
      <Filter>GameEngine\UISystem\Screens</Filter>
    </ClInclude>
    <ClInclude Include="Cylinder.h">
      <Filter>GameEngine\GameObjects\3D Geometry</Filter>
    </ClInclude>
    <ClInclude Include="SamplerState.h">
      <Filter>GameEngine\GraphicsEngine\RenderSystem\SamplerState</Filter>
    </ClInclude>
  </ItemGroup>
  <ItemGroup>
    <None Include="..\README.md" />
    <None Include="packages.config" />
  </ItemGroup>
  <ItemGroup>
    <FxCompile Include="GeometryShader.hlsl">
      <Filter>GameEngine\GraphicsEngine\RenderSystem\Shaders\HLSL</Filter>
    </FxCompile>
    <FxCompile Include="GeometryShader1.hlsl">
      <Filter>GameEngine\GraphicsEngine\RenderSystem\Shaders\HLSL</Filter>
    </FxCompile>
    <FxCompile Include="PixelShader.hlsl">
      <Filter>GameEngine\GraphicsEngine\RenderSystem\Shaders\HLSL</Filter>
    </FxCompile>
    <FxCompile Include="VertexShader.hlsl">
      <Filter>GameEngine\GraphicsEngine\RenderSystem\Shaders\HLSL</Filter>
    </FxCompile>
  </ItemGroup>
  <ItemGroup>
    <Image Include="images\pompom logo.png">
      <Filter>Images</Filter>
    </Image>
    <Image Include="images\waffle.jpg">
      <Filter>Images</Filter>
    </Image>
  </ItemGroup>
</Project>